
Microsoft Visual Studio Solution File, Format Version 12.00
# Visual Studio 15
VisualStudioVersion = 15.0.28010.2026
MinimumVisualStudioVersion = 10.0.40219.1
Project("{9A19103F-16F7-4668-BE54-9A1E7A4F7556}") = "FirebaseAuthenticate", "FirebaseAuthenticate\FirebaseAuthenticate.csproj", "{A40F801B-BE40-4785-9509-6E1EAF8E86DD}"
EndProject
Global
	GlobalSection(SolutionConfigurationPlatforms) = preSolution
		Debug|Any CPU = Debug|Any CPU
		Release|Any CPU = Release|Any CPU
	EndGlobalSection
	GlobalSection(ProjectConfigurationPlatforms) = postSolution
		{A40F801B-BE40-4785-9509-6E1EAF8E86DD}.Debug|Any CPU.ActiveCfg = Debug|Any CPU
		{A40F801B-BE40-4785-9509-6E1EAF8E86DD}.Debug|Any CPU.Build.0 = Debug|Any CPU
		{A40F801B-BE40-4785-9509-6E1EAF8E86DD}.Release|Any CPU.ActiveCfg = Release|Any CPU
		{A40F801B-BE40-4785-9509-6E1EAF8E86DD}.Release|Any CPU.Build.0 = Release|Any CPU
	EndGlobalSection
	GlobalSection(SolutionProperties) = preSolution
		HideSolutionNode = FALSE
	EndGlobalSection
	GlobalSection(ExtensibilityGlobals) = postSolution
		SolutionGuid = {C8DA5569-DA69-4E32-884F-FF0DDBB5D2F7}
	EndGlobalSection
EndGlobal
